{
  "requires": true,
  "lockfileVersion": 1,
  "dependencies": {
    "@babel/helper-validator-identifier": {
      "version": "7.10.4",
      "resolved": "https://registry.npm.taobao.org/@babel/helper-validator-identifier/download/@babel/helper-validator-identifier-7.10.4.tgz",
      "integrity": "sha1-p4x6clHgH2FlEtMbEK3PUq2l4NI="
    },
    "@babel/parser": {
      "version": "7.11.5",
      "resolved": "https://registry.npm.taobao.org/@babel/parser/download/@babel/parser-7.11.5.tgz?cache=0&sync_timestamp=1598904232268&other_urls=https%3A%2F%2Fregistry.npm.taobao.org%2F%40babel%2Fparser%2Fdownload%2F%40babel%2Fparser-7.11.5.tgz",
      "integrity": "sha1-x/9jA99xCA7HpPW4wAPFjxz1EDc="
    },
    "@babel/types": {
      "version": "7.11.5",
      "resolved": "https://registry.npm.taobao.org/@babel/types/download/@babel/types-7.11.5.tgz",
      "integrity": "sha1-2d5XfQElLXfGgAzuA57mT691Zi0=",
      "requires": {
        "@babel/helper-validator-identifier": "^7.10.4",
        "lodash": "^4.17.19",
        "to-fast-properties": "^2.0.0"
      }
    },
    "@vue/compiler-core": {
      "version": "3.0.0-rc.10",
      "resolved": "https://registry.npm.taobao.org/@vue/compiler-core/download/@vue/compiler-core-3.0.0-rc.10.tgz",
      "integrity": "sha1-p29xP7BGJCnsDsEKRy//H1OcV3I=",
      "requires": {
        "@babel/parser": "^7.10.4",
        "@babel/types": "^7.10.4",
        "@vue/shared": "3.0.0-rc.10",
        "estree-walker": "^2.0.1",
        "source-map": "^0.6.1"
      }
    },
    "@vue/compiler-dom": {
      "version": "3.0.0-rc.10",
      "resolved": "https://registry.npm.taobao.org/@vue/compiler-dom/download/@vue/compiler-dom-3.0.0-rc.10.tgz",
      "integrity": "sha1-3ROA0e5hFw3nb565Hg2Kx5hfCuA=",
      "requires": {
        "@vue/compiler-core": "3.0.0-rc.10",
        "@vue/shared": "3.0.0-rc.10"
      }
    },
    "@vue/reactivity": {
      "version": "3.0.0-rc.10",
      "resolved": "https://registry.npm.taobao.org/@vue/reactivity/download/@vue/reactivity-3.0.0-rc.10.tgz",
      "integrity": "sha1-NNX1G8xafDbifXqcG9ej0l/6fFY=",
      "requires": {
        "@vue/shared": "3.0.0-rc.10"
      }
    },
    "@vue/runtime-core": {
      "version": "3.0.0-rc.10",
      "resolved": "https://registry.npm.taobao.org/@vue/runtime-core/download/@vue/runtime-core-3.0.0-rc.10.tgz",
      "integrity": "sha1-kFWu9RE8vDKKrsKXYMIVHg7Tz0A=",
      "requires": {
        "@vue/reactivity": "3.0.0-rc.10",
        "@vue/shared": "3.0.0-rc.10"
      }
    },
    "@vue/runtime-dom": {
      "version": "3.0.0-rc.10",
      "resolved": "https://registry.npm.taobao.org/@vue/runtime-dom/download/@vue/runtime-dom-3.0.0-rc.10.tgz",
      "integrity": "sha1-UPlcuZFIOkJiFjcjMglnrRe7Mh8=",
      "requires": {
        "@vue/runtime-core": "3.0.0-rc.10",
        "@vue/shared": "3.0.0-rc.10",
        "csstype": "^2.6.8"
      }
    },
    "@vue/shared": {
      "version": "3.0.0-rc.10",
      "resolved": "https://registry.npm.taobao.org/@vue/shared/download/@vue/shared-3.0.0-rc.10.tgz",
      "integrity": "sha1-56tiq8q7/HOFRZArlqOqePWfMoY="
    },
    "csstype": {
      "version": "2.6.13",
      "resolved": "https://registry.npm.taobao.org/csstype/download/csstype-2.6.13.tgz?cache=0&sync_timestamp=1598348228932&other_urls=https%3A%2F%2Fregistry.npm.taobao.org%2Fcsstype%2Fdownload%2Fcsstype-2.6.13.tgz",
      "integrity": "sha1-pokwFbkOhN1uhdDjtEKh6E8tvg8="
    },
    "estree-walker": {
      "version": "2.0.1",
      "resolved": "https://registry.npm.taobao.org/estree-walker/download/estree-walker-2.0.1.tgz",
      "integrity": "sha1-+OAw+yHO+hg7RLetUWt0dDTno+A="
    },
    "lodash": {
      "version": "4.17.20",
      "resolved": "https://registry.npm.taobao.org/lodash/download/lodash-4.17.20.tgz?cache=0&sync_timestamp=1597336001963&other_urls=https%3A%2F%2Fregistry.npm.taobao.org%2Flodash%2Fdownload%2Flodash-4.17.20.tgz",
      "integrity": "sha1-tEqbYpe8tpjxxRo1RaKzs2jVnFI="
    },
    "source-map": {
      "version": "0.6.1",
      "resolved": "https://registry.npm.taobao.org/source-map/download/source-map-0.6.1.tgz",
      "integrity": "sha1-dHIq8y6WFOnCh6jQu95IteLxomM="
    },
    "to-fast-properties": {
      "version": "2.0.0",
      "resolved": "https://registry.npm.taobao.org/to-fast-properties/download/to-fast-properties-2.0.0.tgz",
      "integrity": "sha1-3F5pjL0HkmW8c+A3doGk5Og/YW4="
    },
    "vue": {
      "version": "3.0.0-rc.10",
      "resolved": "https://registry.npm.taobao.org/vue/download/vue-3.0.0-rc.10.tgz?cache=0&sync_timestamp=1599065113387&other_urls=https%3A%2F%2Fregistry.npm.taobao.org%2Fvue%2Fdownload%2Fvue-3.0.0-rc.10.tgz",
      "integrity": "sha1-MSmKdXtPrW7olz0PonxP3oV0vQE=",
      "requires": {
        "@vue/compiler-dom": "3.0.0-rc.10",
        "@vue/runtime-dom": "3.0.0-rc.10",
        "@vue/shared": "3.0.0-rc.10"
      }
    }
  }
}
